{
  "name": "int250-GA2-007x-UIkit",
  "lockfileVersion": 3,
  "requires": true,
  "packages": {
    "": {
      "dependencies": {
        "uikit": "^3.25.15"
      }
    },
    "node_modules/uikit": {
      "version": "3.25.15",
      "resolved": "https://registry.npmjs.org/uikit/-/uikit-3.25.15.tgz",
      "integrity": "sha512-eO9YEVZDVDhcbXotGdW0FczLgeoGjTz2gc0ADX6tPaR5kxlHcwmj3KCaiGLgDbfryMrSdVKc65CZGpr9jGV08A==",
      "license": "MIT"
    }
  }
}
